// !$*UTF8*$!
{
	archiveVersion = 1;
	classes = {
	};
	objectVersion = 56;
	objects = {

/* Begin PBXBuildFile section */
		6C497EF12C17429100775F3F /* RMSettingsViewViewModel.swift in Sources */ = {isa = PBXBuildFile; fileRef = 6C497EF02C17429100775F3F /* RMSettingsViewViewModel.swift */; };
		6C497EF32C1742C800775F3F /* RMSettingsCellViewViewModel.swift in Sources */ = {isa = PBXBuildFile; fileRef = 6C497EF22C1742C800775F3F /* RMSettingsCellViewViewModel.swift */; };
		6C497EF52C17435E00775F3F /* RMSettingsOption.swift in Sources */ = {isa = PBXBuildFile; fileRef = 6C497EF42C17435E00775F3F /* RMSettingsOption.swift */; };
		6C595D102C2EB10000FD08E4 /* RMThemeManager.swift in Sources */ = {isa = PBXBuildFile; fileRef = 6C595D0F2C2EB10000FD08E4 /* RMThemeManager.swift */; };
		6C66371F2C3698C6007A2640 /* RMCharacterListViewViewModelProtocol.swift in Sources */ = {isa = PBXBuildFile; fileRef = 6C66371E2C3698C6007A2640 /* RMCharacterListViewViewModelProtocol.swift */; };
		6C6637262C369C95007A2640 /* RMCharacterListViewCollectionHandler.swift in Sources */ = {isa = PBXBuildFile; fileRef = 6C6637252C369C95007A2640 /* RMCharacterListViewCollectionHandler.swift */; };
		6C6637292C36C5F4007A2640 /* RMCharacterListViewProtocol.swift in Sources */ = {isa = PBXBuildFile; fileRef = 6C6637282C36C5F4007A2640 /* RMCharacterListViewProtocol.swift */; };
		6C6642382C16D47D00BDD264 /* RMEpisodeInfoCollectionViewCell.swift in Sources */ = {isa = PBXBuildFile; fileRef = 6C6642372C16D47D00BDD264 /* RMEpisodeInfoCollectionViewCell.swift */; };
		6C66423B2C16D54900BDD264 /* RMEpisodeInfoCollectionViewCellViewModel.swift in Sources */ = {isa = PBXBuildFile; fileRef = 6C66423A2C16D54900BDD264 /* RMEpisodeInfoCollectionViewCellViewModel.swift */; };
		6C6B495A2C157776006FE1B2 /* RMAPICacheManager.swift in Sources */ = {isa = PBXBuildFile; fileRef = 6C6B49592C157776006FE1B2 /* RMAPICacheManager.swift */; };
		6C6B495C2C159BCC006FE1B2 /* RMEpisodeDetailViewViewModel.swift in Sources */ = {isa = PBXBuildFile; fileRef = 6C6B495B2C159BCC006FE1B2 /* RMEpisodeDetailViewViewModel.swift */; };
		6C6B495E2C159C9C006FE1B2 /* RMEpisodeDetailsView.swift in Sources */ = {isa = PBXBuildFile; fileRef = 6C6B495D2C159C9C006FE1B2 /* RMEpisodeDetailsView.swift */; };
		6C6B49612C15A3CE006FE1B2 /* RMEpisodeListView.swift in Sources */ = {isa = PBXBuildFile; fileRef = 6C6B49602C15A3CE006FE1B2 /* RMEpisodeListView.swift */; };
		6C6B49632C15A821006FE1B2 /* RMEpisodeListViewViewModel.swift in Sources */ = {isa = PBXBuildFile; fileRef = 6C6B49622C15A821006FE1B2 /* RMEpisodeListViewViewModel.swift */; };
		6C6B49652C15DC2C006FE1B2 /* RMSearchViewController.swift in Sources */ = {isa = PBXBuildFile; fileRef = 6C6B49642C15DC2C006FE1B2 /* RMSearchViewController.swift */; };
		6C7A21F32C119C22001E4C81 /* RMCharacterDetailsViewController.swift in Sources */ = {isa = PBXBuildFile; fileRef = 6C7A21F22C119C22001E4C81 /* RMCharacterDetailsViewController.swift */; };
		6C7A21F52C119CD8001E4C81 /* RMCharacterDetailsView.swift in Sources */ = {isa = PBXBuildFile; fileRef = 6C7A21F42C119CD8001E4C81 /* RMCharacterDetailsView.swift */; };
		6C7A21F72C119D05001E4C81 /* RMCharacterDetailViewViewModel.swift in Sources */ = {isa = PBXBuildFile; fileRef = 6C7A21F62C119D05001E4C81 /* RMCharacterDetailViewViewModel.swift */; };
		6C7A21F92C11A701001E4C81 /* RMFooterLoadingCollectionReusableView.swift in Sources */ = {isa = PBXBuildFile; fileRef = 6C7A21F82C11A701001E4C81 /* RMFooterLoadingCollectionReusableView.swift */; };
		6C7F49902C102D430079CE8E /* RMGetAllLocationsResponse.swift in Sources */ = {isa = PBXBuildFile; fileRef = 6C7F498F2C102D430079CE8E /* RMGetAllLocationsResponse.swift */; };
		6C7F49922C102D560079CE8E /* RMGetAllEpisodesResponse.swift in Sources */ = {isa = PBXBuildFile; fileRef = 6C7F49912C102D560079CE8E /* RMGetAllEpisodesResponse.swift */; };
		6C7F49942C102D640079CE8E /* RMGetAllCharactersResponse.swift in Sources */ = {isa = PBXBuildFile; fileRef = 6C7F49932C102D640079CE8E /* RMGetAllCharactersResponse.swift */; };
		6C7F49962C1068150079CE8E /* RMCharacterListViewViewModel.swift in Sources */ = {isa = PBXBuildFile; fileRef = 6C7F49952C1068150079CE8E /* RMCharacterListViewViewModel.swift */; };
		6C7F49982C1069520079CE8E /* RMCharacterListView.swift in Sources */ = {isa = PBXBuildFile; fileRef = 6C7F49972C1069520079CE8E /* RMCharacterListView.swift */; };
		6C7F499A2C1078E90079CE8E /* Extensions.swift in Sources */ = {isa = PBXBuildFile; fileRef = 6C7F49992C1078E90079CE8E /* Extensions.swift */; };
		6C7F499C2C10B7FD0079CE8E /* RMCharacterCollectionViewCell.swift in Sources */ = {isa = PBXBuildFile; fileRef = 6C7F499B2C10B7FD0079CE8E /* RMCharacterCollectionViewCell.swift */; };
		6C7F499E2C10B9D40079CE8E /* RMCharacterCollectionViewCellViewModel.swift in Sources */ = {isa = PBXBuildFile; fileRef = 6C7F499D2C10B9D40079CE8E /* RMCharacterCollectionViewCellViewModel.swift */; };
		6C82542F2C1AC1AC0017C887 /* RMSearchView.swift in Sources */ = {isa = PBXBuildFile; fileRef = 6C82542E2C1AC1AC0017C887 /* RMSearchView.swift */; };
		6C8254312C1AC2E80017C887 /* RMSearchViewViewModel.swift in Sources */ = {isa = PBXBuildFile; fileRef = 6C8254302C1AC2E80017C887 /* RMSearchViewViewModel.swift */; };
		6C8254332C1AC54F0017C887 /* RMNoSearchResultsView.swift in Sources */ = {isa = PBXBuildFile; fileRef = 6C8254322C1AC54F0017C887 /* RMNoSearchResultsView.swift */; };
		6C8254362C1AC57A0017C887 /* RMNoSearchResultsViewViewModel.swift in Sources */ = {isa = PBXBuildFile; fileRef = 6C8254352C1AC57A0017C887 /* RMNoSearchResultsViewViewModel.swift */; };
		6C8254382C1AC5BC0017C887 /* RMSearchInputView.swift in Sources */ = {isa = PBXBuildFile; fileRef = 6C8254372C1AC5BC0017C887 /* RMSearchInputView.swift */; };
		6C82543A2C1AC5CF0017C887 /* RMSearchInputViewViewModel.swift in Sources */ = {isa = PBXBuildFile; fileRef = 6C8254392C1AC5CF0017C887 /* RMSearchInputViewViewModel.swift */; };
		6C82543C2C1B0A0C0017C887 /* RMSearchOptionPickerViewController.swift in Sources */ = {isa = PBXBuildFile; fileRef = 6C82543B2C1B0A0C0017C887 /* RMSearchOptionPickerViewController.swift */; };
		6C84003D2C18410A0049EE9E /* RMSettingsView.swift in Sources */ = {isa = PBXBuildFile; fileRef = 6C84003C2C18410A0049EE9E /* RMSettingsView.swift */; };
		6C95DE382C1EBF2C00BC0FB6 /* RMTableLoadingFooterView.swift in Sources */ = {isa = PBXBuildFile; fileRef = 6C95DE372C1EBF2C00BC0FB6 /* RMTableLoadingFooterView.swift */; };
		6C99F9F92C142E380077198F /* RMCharacterPhotoCollectionViewCell.swift in Sources */ = {isa = PBXBuildFile; fileRef = 6C99F9F82C142E380077198F /* RMCharacterPhotoCollectionViewCell.swift */; };
		6C99F9FB2C142E4A0077198F /* RMCharacterInfoCollectionViewCell.swift in Sources */ = {isa = PBXBuildFile; fileRef = 6C99F9FA2C142E4A0077198F /* RMCharacterInfoCollectionViewCell.swift */; };
		6C99F9FD2C142E630077198F /* RMCharacterEpisodeCollectionViewCell.swift in Sources */ = {isa = PBXBuildFile; fileRef = 6C99F9FC2C142E630077198F /* RMCharacterEpisodeCollectionViewCell.swift */; };
		6C99FA002C142EE60077198F /* RMCharacterPhotoCollectionViewCellViewModel.swift in Sources */ = {isa = PBXBuildFile; fileRef = 6C99F9FF2C142EE60077198F /* RMCharacterPhotoCollectionViewCellViewModel.swift */; };
		6C99FA022C142EF20077198F /* RMCharacterInfoCollectionViewCellViewModel.swift in Sources */ = {isa = PBXBuildFile; fileRef = 6C99FA012C142EF20077198F /* RMCharacterInfoCollectionViewCellViewModel.swift */; };
		6C99FA042C142EFF0077198F /* RMCharacterEpisodeCollectionViewCellViewModel.swift in Sources */ = {isa = PBXBuildFile; fileRef = 6C99FA032C142EFF0077198F /* RMCharacterEpisodeCollectionViewCellViewModel.swift */; };
		6C99FA062C148B1B0077198F /* RMEpisodeDetailsViewController.swift in Sources */ = {isa = PBXBuildFile; fileRef = 6C99FA052C148B1B0077198F /* RMEpisodeDetailsViewController.swift */; };
		6C9F72CE2C3000590093DFD6 /* RMShareItem.swift in Sources */ = {isa = PBXBuildFile; fileRef = 6C9F72CD2C3000590093DFD6 /* RMShareItem.swift */; };
		6CA132F72C1975870040C32F /* RMLocationView.swift in Sources */ = {isa = PBXBuildFile; fileRef = 6CA132F62C1975870040C32F /* RMLocationView.swift */; };
		6CA132F92C1979E90040C32F /* RMLocationViewViewModel.swift in Sources */ = {isa = PBXBuildFile; fileRef = 6CA132F82C1979E90040C32F /* RMLocationViewViewModel.swift */; };
		6CA132FB2C198B490040C32F /* RMLocationTableViewCell.swift in Sources */ = {isa = PBXBuildFile; fileRef = 6CA132FA2C198B490040C32F /* RMLocationTableViewCell.swift */; };
		6CA132FE2C198C4F0040C32F /* RMLocationTableViewCellViewModel.swift in Sources */ = {isa = PBXBuildFile; fileRef = 6CA132FD2C198C4F0040C32F /* RMLocationTableViewCellViewModel.swift */; };
		6CA133002C19A5D10040C32F /* RMLocationDetailsViewController.swift in Sources */ = {isa = PBXBuildFile; fileRef = 6CA132FF2C19A5D10040C32F /* RMLocationDetailsViewController.swift */; };
		6CA133032C19C0800040C32F /* RMLocationDetailsView.swift in Sources */ = {isa = PBXBuildFile; fileRef = 6CA133022C19C0800040C32F /* RMLocationDetailsView.swift */; };
		6CA133052C19C2300040C32F /* RMLocationDetailViewViewModel.swift in Sources */ = {isa = PBXBuildFile; fileRef = 6CA133042C19C2300040C32F /* RMLocationDetailViewViewModel.swift */; };
		6CA524182C12D8E500B6909F /* RMImageLoader.swift in Sources */ = {isa = PBXBuildFile; fileRef = 6CA524172C12D8E500B6909F /* RMImageLoader.swift */; };
		6CAA56C92C0DC00A00BCEB29 /* AppDelegate.swift in Sources */ = {isa = PBXBuildFile; fileRef = 6CAA56C82C0DC00A00BCEB29 /* AppDelegate.swift */; };
		6CAA56CB2C0DC00A00BCEB29 /* SceneDelegate.swift in Sources */ = {isa = PBXBuildFile; fileRef = 6CAA56CA2C0DC00A00BCEB29 /* SceneDelegate.swift */; };
		6CAA56CD2C0DC00A00BCEB29 /* RMTabViewController.swift in Sources */ = {isa = PBXBuildFile; fileRef = 6CAA56CC2C0DC00A00BCEB29 /* RMTabViewController.swift */; };
		6CAA56D22C0DC00B00BCEB29 /* Assets.xcassets in Resources */ = {isa = PBXBuildFile; fileRef = 6CAA56D12C0DC00B00BCEB29 /* Assets.xcassets */; };
		6CAA56D52C0DC00B00BCEB29 /* LaunchScreen.storyboard in Resources */ = {isa = PBXBuildFile; fileRef = 6CAA56D32C0DC00B00BCEB29 /* LaunchScreen.storyboard */; };
		6CAA56E62C0DC74B00BCEB29 /* RMEpisode.swift in Sources */ = {isa = PBXBuildFile; fileRef = 6CAA56E52C0DC74B00BCEB29 /* RMEpisode.swift */; };
		6CAA56E82C0DC75B00BCEB29 /* RMCharacter.swift in Sources */ = {isa = PBXBuildFile; fileRef = 6CAA56E72C0DC75B00BCEB29 /* RMCharacter.swift */; };
		6CAA56EA2C0DC76500BCEB29 /* RMLocation.swift in Sources */ = {isa = PBXBuildFile; fileRef = 6CAA56E92C0DC76500BCEB29 /* RMLocation.swift */; };
		6CAA56ED2C0DC8AD00BCEB29 /* RMCharacterViewController.swift in Sources */ = {isa = PBXBuildFile; fileRef = 6CAA56EC2C0DC8AD00BCEB29 /* RMCharacterViewController.swift */; };
		6CAA56EF2C0DC8BD00BCEB29 /* RMLocationViewController.swift in Sources */ = {isa = PBXBuildFile; fileRef = 6CAA56EE2C0DC8BD00BCEB29 /* RMLocationViewController.swift */; };
		6CAA56F12C0DC8C700BCEB29 /* RMEpisodeViewController.swift in Sources */ = {isa = PBXBuildFile; fileRef = 6CAA56F02C0DC8C700BCEB29 /* RMEpisodeViewController.swift */; };
		6CAA56F32C0DC8D300BCEB29 /* RMSettingsViewController.swift in Sources */ = {isa = PBXBuildFile; fileRef = 6CAA56F22C0DC8D300BCEB29 /* RMSettingsViewController.swift */; };
		6CAA56F52C0DE62000BCEB29 /* RMRequest.swift in Sources */ = {isa = PBXBuildFile; fileRef = 6CAA56F42C0DE62000BCEB29 /* RMRequest.swift */; };
		6CAA56F82C0DE62F00BCEB29 /* RMService.swift in Sources */ = {isa = PBXBuildFile; fileRef = 6CAA56F72C0DE62F00BCEB29 /* RMService.swift */; };
		6CAA56FA2C0DEB5700BCEB29 /* RMEndpoint.swift in Sources */ = {isa = PBXBuildFile; fileRef = 6CAA56F92C0DEB5700BCEB29 /* RMEndpoint.swift */; };
		6CAECE092C1D5F3600D62BCA /* RMSearchResultViewViewModel.swift in Sources */ = {isa = PBXBuildFile; fileRef = 6CAECE082C1D5F3600D62BCA /* RMSearchResultViewViewModel.swift */; };
		6CAECE0B2C1D862A00D62BCA /* RMSearchResultsView.swift in Sources */ = {isa = PBXBuildFile; fileRef = 6CAECE0A2C1D862A00D62BCA /* RMSearchResultsView.swift */; };
		6CB6CAFB2C0F06840079ADE1 /* RMOriginLocation.swift in Sources */ = {isa = PBXBuildFile; fileRef = 6CB6CAFA2C0F06840079ADE1 /* RMOriginLocation.swift */; };
		6CB6CAFD2C0F07810079ADE1 /* RMSingleLocation.swift in Sources */ = {isa = PBXBuildFile; fileRef = 6CB6CAFC2C0F07810079ADE1 /* RMSingleLocation.swift */; };
		6CB6CB012C0F08770079ADE1 /* RMCharacterStatus.swift in Sources */ = {isa = PBXBuildFile; fileRef = 6CB6CB002C0F08770079ADE1 /* RMCharacterStatus.swift */; };
		6CB6CB032C0F08E10079ADE1 /* RMCharacterGender.swift in Sources */ = {isa = PBXBuildFile; fileRef = 6CB6CB022C0F08E10079ADE1 /* RMCharacterGender.swift */; };
		6CE13C8E2C37C83A00102E46 /* RMImageLoaderProtocol.swift in Sources */ = {isa = PBXBuildFile; fileRef = 6CE13C8D2C37C83A00102E46 /* RMImageLoaderProtocol.swift */; };
		6CE13C912C37D80300102E46 /* RMDateFormatterUtils.swift in Sources */ = {isa = PBXBuildFile; fileRef = 6CE13C902C37D80300102E46 /* RMDateFormatterUtils.swift */; };
		6CE13C942C37E08F00102E46 /* RMURLParser.swift in Sources */ = {isa = PBXBuildFile; fileRef = 6CE13C932C37E08F00102E46 /* RMURLParser.swift */; };
		6CE13C962C37EA2600102E46 /* RMServiceProtocol.swift in Sources */ = {isa = PBXBuildFile; fileRef = 6CE13C952C37EA2600102E46 /* RMServiceProtocol.swift */; };
		6CE13C982C37EB3E00102E46 /* RMAPICacheManagerProtocol.swift in Sources */ = {isa = PBXBuildFile; fileRef = 6CE13C972C37EB3E00102E46 /* RMAPICacheManagerProtocol.swift */; };
		6CE13C9A2C384C2000102E46 /* RMServiceError.swift in Sources */ = {isa = PBXBuildFile; fileRef = 6CE13C992C384C2000102E46 /* RMServiceError.swift */; };
		6CE7EF0B2C33FA5900A8D855 /* Constants.swift in Sources */ = {isa = PBXBuildFile; fileRef = 6CE7EF0A2C33FA5900A8D855 /* Constants.swift */; };
/* End PBXBuildFile section */

/* Begin PBXFileReference section */
		6C497EF02C17429100775F3F /* RMSettingsViewViewModel.swift */ = {isa = PBXFileReference; lastKnownFileType = sourcecode.swift; path = RMSettingsViewViewModel.swift; sourceTree = "<group>"; };
		6C497EF22C1742C800775F3F /* RMSettingsCellViewViewModel.swift */ = {isa = PBXFileReference; lastKnownFileType = sourcecode.swift; path = RMSettingsCellViewViewModel.swift; sourceTree = "<group>"; };
		6C497EF42C17435E00775F3F /* RMSettingsOption.swift */ = {isa = PBXFileReference; lastKnownFileType = sourcecode.swift; path = RMSettingsOption.swift; sourceTree = "<group>"; };
		6C595D0F2C2EB10000FD08E4 /* RMThemeManager.swift */ = {isa = PBXFileReference; lastKnownFileType = sourcecode.swift; path = RMThemeManager.swift; sourceTree = "<group>"; };
		6C66371E2C3698C6007A2640 /* RMCharacterListViewViewModelProtocol.swift */ = {isa = PBXFileReference; lastKnownFileType = sourcecode.swift; path = RMCharacterListViewViewModelProtocol.swift; sourceTree = "<group>"; };
		6C6637252C369C95007A2640 /* RMCharacterListViewCollectionHandler.swift */ = {isa = PBXFileReference; lastKnownFileType = sourcecode.swift; path = RMCharacterListViewCollectionHandler.swift; sourceTree = "<group>"; };
		6C6637282C36C5F4007A2640 /* RMCharacterListViewProtocol.swift */ = {isa = PBXFileReference; lastKnownFileType = sourcecode.swift; path = RMCharacterListViewProtocol.swift; sourceTree = "<group>"; };
		6C6642372C16D47D00BDD264 /* RMEpisodeInfoCollectionViewCell.swift */ = {isa = PBXFileReference; lastKnownFileType = sourcecode.swift; path = RMEpisodeInfoCollectionViewCell.swift; sourceTree = "<group>"; };
		6C66423A2C16D54900BDD264 /* RMEpisodeInfoCollectionViewCellViewModel.swift */ = {isa = PBXFileReference; lastKnownFileType = sourcecode.swift; path = RMEpisodeInfoCollectionViewCellViewModel.swift; sourceTree = "<group>"; };
		6C6B49592C157776006FE1B2 /* RMAPICacheManager.swift */ = {isa = PBXFileReference; lastKnownFileType = sourcecode.swift; path = RMAPICacheManager.swift; sourceTree = "<group>"; };
		6C6B495B2C159BCC006FE1B2 /* RMEpisodeDetailViewViewModel.swift */ = {isa = PBXFileReference; lastKnownFileType = sourcecode.swift; path = RMEpisodeDetailViewViewModel.swift; sourceTree = "<group>"; };
		6C6B495D2C159C9C006FE1B2 /* RMEpisodeDetailsView.swift */ = {isa = PBXFileReference; lastKnownFileType = sourcecode.swift; path = RMEpisodeDetailsView.swift; sourceTree = "<group>"; };
		6C6B49602C15A3CE006FE1B2 /* RMEpisodeListView.swift */ = {isa = PBXFileReference; lastKnownFileType = sourcecode.swift; path = RMEpisodeListView.swift; sourceTree = "<group>"; };
		6C6B49622C15A821006FE1B2 /* RMEpisodeListViewViewModel.swift */ = {isa = PBXFileReference; lastKnownFileType = sourcecode.swift; path = RMEpisodeListViewViewModel.swift; sourceTree = "<group>"; };
		6C6B49642C15DC2C006FE1B2 /* RMSearchViewController.swift */ = {isa = PBXFileReference; lastKnownFileType = sourcecode.swift; path = RMSearchViewController.swift; sourceTree = "<group>"; };
		6C7A21F22C119C22001E4C81 /* RMCharacterDetailsViewController.swift */ = {isa = PBXFileReference; lastKnownFileType = sourcecode.swift; path = RMCharacterDetailsViewController.swift; sourceTree = "<group>"; };
		6C7A21F42C119CD8001E4C81 /* RMCharacterDetailsView.swift */ = {isa = PBXFileReference; lastKnownFileType = sourcecode.swift; path = RMCharacterDetailsView.swift; sourceTree = "<group>"; };
		6C7A21F62C119D05001E4C81 /* RMCharacterDetailViewViewModel.swift */ = {isa = PBXFileReference; lastKnownFileType = sourcecode.swift; path = RMCharacterDetailViewViewModel.swift; sourceTree = "<group>"; };
		6C7A21F82C11A701001E4C81 /* RMFooterLoadingCollectionReusableView.swift */ = {isa = PBXFileReference; lastKnownFileType = sourcecode.swift; path = RMFooterLoadingCollectionReusableView.swift; sourceTree = "<group>"; };
		6C7F498F2C102D430079CE8E /* RMGetAllLocationsResponse.swift */ = {isa = PBXFileReference; lastKnownFileType = sourcecode.swift; path = RMGetAllLocationsResponse.swift; sourceTree = "<group>"; };
		6C7F49912C102D560079CE8E /* RMGetAllEpisodesResponse.swift */ = {isa = PBXFileReference; lastKnownFileType = sourcecode.swift; path = RMGetAllEpisodesResponse.swift; sourceTree = "<group>"; };
		6C7F49932C102D640079CE8E /* RMGetAllCharactersResponse.swift */ = {isa = PBXFileReference; lastKnownFileType = sourcecode.swift; path = RMGetAllCharactersResponse.swift; sourceTree = "<group>"; };
		6C7F49952C1068150079CE8E /* RMCharacterListViewViewModel.swift */ = {isa = PBXFileReference; lastKnownFileType = sourcecode.swift; path = RMCharacterListViewViewModel.swift; sourceTree = "<group>"; };
		6C7F49972C1069520079CE8E /* RMCharacterListView.swift */ = {isa = PBXFileReference; lastKnownFileType = sourcecode.swift; path = RMCharacterListView.swift; sourceTree = "<group>"; };
		6C7F49992C1078E90079CE8E /* Extensions.swift */ = {isa = PBXFileReference; lastKnownFileType = sourcecode.swift; path = Extensions.swift; sourceTree = "<group>"; };
		6C7F499B2C10B7FD0079CE8E /* RMCharacterCollectionViewCell.swift */ = {isa = PBXFileReference; lastKnownFileType = sourcecode.swift; path = RMCharacterCollectionViewCell.swift; sourceTree = "<group>"; };
		6C7F499D2C10B9D40079CE8E /* RMCharacterCollectionViewCellViewModel.swift */ = {isa = PBXFileReference; lastKnownFileType = sourcecode.swift; path = RMCharacterCollectionViewCellViewModel.swift; sourceTree = "<group>"; };
		6C82542E2C1AC1AC0017C887 /* RMSearchView.swift */ = {isa = PBXFileReference; lastKnownFileType = sourcecode.swift; path = RMSearchView.swift; sourceTree = "<group>"; };
		6C8254302C1AC2E80017C887 /* RMSearchViewViewModel.swift */ = {isa = PBXFileReference; lastKnownFileType = sourcecode.swift; path = RMSearchViewViewModel.swift; sourceTree = "<group>"; };
		6C8254322C1AC54F0017C887 /* RMNoSearchResultsView.swift */ = {isa = PBXFileReference; lastKnownFileType = sourcecode.swift; path = RMNoSearchResultsView.swift; sourceTree = "<group>"; };
		6C8254352C1AC57A0017C887 /* RMNoSearchResultsViewViewModel.swift */ = {isa = PBXFileReference; lastKnownFileType = sourcecode.swift; path = RMNoSearchResultsViewViewModel.swift; sourceTree = "<group>"; };
		6C8254372C1AC5BC0017C887 /* RMSearchInputView.swift */ = {isa = PBXFileReference; lastKnownFileType = sourcecode.swift; path = RMSearchInputView.swift; sourceTree = "<group>"; };
		6C8254392C1AC5CF0017C887 /* RMSearchInputViewViewModel.swift */ = {isa = PBXFileReference; lastKnownFileType = sourcecode.swift; path = RMSearchInputViewViewModel.swift; sourceTree = "<group>"; };
		6C82543B2C1B0A0C0017C887 /* RMSearchOptionPickerViewController.swift */ = {isa = PBXFileReference; lastKnownFileType = sourcecode.swift; path = RMSearchOptionPickerViewController.swift; sourceTree = "<group>"; };
		6C84003C2C18410A0049EE9E /* RMSettingsView.swift */ = {isa = PBXFileReference; lastKnownFileType = sourcecode.swift; path = RMSettingsView.swift; sourceTree = "<group>"; };
		6C95DE372C1EBF2C00BC0FB6 /* RMTableLoadingFooterView.swift */ = {isa = PBXFileReference; lastKnownFileType = sourcecode.swift; path = RMTableLoadingFooterView.swift; sourceTree = "<group>"; };
		6C99F9F82C142E380077198F /* RMCharacterPhotoCollectionViewCell.swift */ = {isa = PBXFileReference; lastKnownFileType = sourcecode.swift; path = RMCharacterPhotoCollectionViewCell.swift; sourceTree = "<group>"; };
		6C99F9FA2C142E4A0077198F /* RMCharacterInfoCollectionViewCell.swift */ = {isa = PBXFileReference; lastKnownFileType = sourcecode.swift; path = RMCharacterInfoCollectionViewCell.swift; sourceTree = "<group>"; };
		6C99F9FC2C142E630077198F /* RMCharacterEpisodeCollectionViewCell.swift */ = {isa = PBXFileReference; lastKnownFileType = sourcecode.swift; path = RMCharacterEpisodeCollectionViewCell.swift; sourceTree = "<group>"; };
		6C99F9FF2C142EE60077198F /* RMCharacterPhotoCollectionViewCellViewModel.swift */ = {isa = PBXFileReference; lastKnownFileType = sourcecode.swift; path = RMCharacterPhotoCollectionViewCellViewModel.swift; sourceTree = "<group>"; };
		6C99FA012C142EF20077198F /* RMCharacterInfoCollectionViewCellViewModel.swift */ = {isa = PBXFileReference; lastKnownFileType = sourcecode.swift; path = RMCharacterInfoCollectionViewCellViewModel.swift; sourceTree = "<group>"; };
		6C99FA032C142EFF0077198F /* RMCharacterEpisodeCollectionViewCellViewModel.swift */ = {isa = PBXFileReference; lastKnownFileType = sourcecode.swift; path = RMCharacterEpisodeCollectionViewCellViewModel.swift; sourceTree = "<group>"; };
		6C99FA052C148B1B0077198F /* RMEpisodeDetailsViewController.swift */ = {isa = PBXFileReference; lastKnownFileType = sourcecode.swift; path = RMEpisodeDetailsViewController.swift; sourceTree = "<group>"; };
		6C9F72CD2C3000590093DFD6 /* RMShareItem.swift */ = {isa = PBXFileReference; lastKnownFileType = sourcecode.swift; path = RMShareItem.swift; sourceTree = "<group>"; };
		6CA132F62C1975870040C32F /* RMLocationView.swift */ = {isa = PBXFileReference; lastKnownFileType = sourcecode.swift; path = RMLocationView.swift; sourceTree = "<group>"; };
		6CA132F82C1979E90040C32F /* RMLocationViewViewModel.swift */ = {isa = PBXFileReference; lastKnownFileType = sourcecode.swift; path = RMLocationViewViewModel.swift; sourceTree = "<group>"; };
		6CA132FA2C198B490040C32F /* RMLocationTableViewCell.swift */ = {isa = PBXFileReference; lastKnownFileType = sourcecode.swift; path = RMLocationTableViewCell.swift; sourceTree = "<group>"; };
		6CA132FD2C198C4F0040C32F /* RMLocationTableViewCellViewModel.swift */ = {isa = PBXFileReference; lastKnownFileType = sourcecode.swift; path = RMLocationTableViewCellViewModel.swift; sourceTree = "<group>"; };
		6CA132FF2C19A5D10040C32F /* RMLocationDetailsViewController.swift */ = {isa = PBXFileReference; lastKnownFileType = sourcecode.swift; path = RMLocationDetailsViewController.swift; sourceTree = "<group>"; };
		6CA133022C19C0800040C32F /* RMLocationDetailsView.swift */ = {isa = PBXFileReference; lastKnownFileType = sourcecode.swift; path = RMLocationDetailsView.swift; sourceTree = "<group>"; };
		6CA133042C19C2300040C32F /* RMLocationDetailViewViewModel.swift */ = {isa = PBXFileReference; lastKnownFileType = sourcecode.swift; path = RMLocationDetailViewViewModel.swift; sourceTree = "<group>"; };
		6CA524172C12D8E500B6909F /* RMImageLoader.swift */ = {isa = PBXFileReference; lastKnownFileType = sourcecode.swift; path = RMImageLoader.swift; sourceTree = "<group>"; };
		6CAA56C52C0DC00A00BCEB29 /* RickAndMorty.app */ = {isa = PBXFileReference; explicitFileType = wrapper.application; includeInIndex = 0; path = RickAndMorty.app; sourceTree = BUILT_PRODUCTS_DIR; };
		6CAA56C82C0DC00A00BCEB29 /* AppDelegate.swift */ = {isa = PBXFileReference; lastKnownFileType = sourcecode.swift; path = AppDelegate.swift; sourceTree = "<group>"; };
		6CAA56CA2C0DC00A00BCEB29 /* SceneDelegate.swift */ = {isa = PBXFileReference; lastKnownFileType = sourcecode.swift; path = SceneDelegate.swift; sourceTree = "<group>"; };
		6CAA56CC2C0DC00A00BCEB29 /* RMTabViewController.swift */ = {isa = PBXFileReference; lastKnownFileType = sourcecode.swift; path = RMTabViewController.swift; sourceTree = "<group>"; };
		6CAA56D12C0DC00B00BCEB29 /* Assets.xcassets */ = {isa = PBXFileReference; lastKnownFileType = folder.assetcatalog; path = Assets.xcassets; sourceTree = "<group>"; };
		6CAA56D42C0DC00B00BCEB29 /* Base */ = {isa = PBXFileReference; lastKnownFileType = file.storyboard; name = Base; path = Base.lproj/LaunchScreen.storyboard; sourceTree = "<group>"; };
		6CAA56D62C0DC00B00BCEB29 /* Info.plist */ = {isa = PBXFileReference; lastKnownFileType = text.plist.xml; path = Info.plist; sourceTree = "<group>"; };
		6CAA56E52C0DC74B00BCEB29 /* RMEpisode.swift */ = {isa = PBXFileReference; lastKnownFileType = sourcecode.swift; path = RMEpisode.swift; sourceTree = "<group>"; };
		6CAA56E72C0DC75B00BCEB29 /* RMCharacter.swift */ = {isa = PBXFileReference; lastKnownFileType = sourcecode.swift; path = RMCharacter.swift; sourceTree = "<group>"; };
		6CAA56E92C0DC76500BCEB29 /* RMLocation.swift */ = {isa = PBXFileReference; lastKnownFileType = sourcecode.swift; path = RMLocation.swift; sourceTree = "<group>"; };
		6CAA56EC2C0DC8AD00BCEB29 /* RMCharacterViewController.swift */ = {isa = PBXFileReference; lastKnownFileType = sourcecode.swift; path = RMCharacterViewController.swift; sourceTree = "<group>"; };
		6CAA56EE2C0DC8BD00BCEB29 /* RMLocationViewController.swift */ = {isa = PBXFileReference; lastKnownFileType = sourcecode.swift; path = RMLocationViewController.swift; sourceTree = "<group>"; };
		6CAA56F02C0DC8C700BCEB29 /* RMEpisodeViewController.swift */ = {isa = PBXFileReference; lastKnownFileType = sourcecode.swift; path = RMEpisodeViewController.swift; sourceTree = "<group>"; };
		6CAA56F22C0DC8D300BCEB29 /* RMSettingsViewController.swift */ = {isa = PBXFileReference; lastKnownFileType = sourcecode.swift; path = RMSettingsViewController.swift; sourceTree = "<group>"; };
		6CAA56F42C0DE62000BCEB29 /* RMRequest.swift */ = {isa = PBXFileReference; lastKnownFileType = sourcecode.swift; path = RMRequest.swift; sourceTree = "<group>"; };
		6CAA56F72C0DE62F00BCEB29 /* RMService.swift */ = {isa = PBXFileReference; lastKnownFileType = sourcecode.swift; path = RMService.swift; sourceTree = "<group>"; };
		6CAA56F92C0DEB5700BCEB29 /* RMEndpoint.swift */ = {isa = PBXFileReference; lastKnownFileType = sourcecode.swift; path = RMEndpoint.swift; sourceTree = "<group>"; };
		6CAECE082C1D5F3600D62BCA /* RMSearchResultViewViewModel.swift */ = {isa = PBXFileReference; lastKnownFileType = sourcecode.swift; path = RMSearchResultViewViewModel.swift; sourceTree = "<group>"; };
		6CAECE0A2C1D862A00D62BCA /* RMSearchResultsView.swift */ = {isa = PBXFileReference; lastKnownFileType = sourcecode.swift; path = RMSearchResultsView.swift; sourceTree = "<group>"; };
		6CB6CAFA2C0F06840079ADE1 /* RMOriginLocation.swift */ = {isa = PBXFileReference; lastKnownFileType = sourcecode.swift; path = RMOriginLocation.swift; sourceTree = "<group>"; };
		6CB6CAFC2C0F07810079ADE1 /* RMSingleLocation.swift */ = {isa = PBXFileReference; lastKnownFileType = sourcecode.swift; path = RMSingleLocation.swift; sourceTree = "<group>"; };
		6CB6CB002C0F08770079ADE1 /* RMCharacterStatus.swift */ = {isa = PBXFileReference; lastKnownFileType = sourcecode.swift; path = RMCharacterStatus.swift; sourceTree = "<group>"; };
		6CB6CB022C0F08E10079ADE1 /* RMCharacterGender.swift */ = {isa = PBXFileReference; lastKnownFileType = sourcecode.swift; path = RMCharacterGender.swift; sourceTree = "<group>"; };
		6CE13C8D2C37C83A00102E46 /* RMImageLoaderProtocol.swift */ = {isa = PBXFileReference; lastKnownFileType = sourcecode.swift; path = RMImageLoaderProtocol.swift; sourceTree = "<group>"; };
		6CE13C902C37D80300102E46 /* RMDateFormatterUtils.swift */ = {isa = PBXFileReference; lastKnownFileType = sourcecode.swift; path = RMDateFormatterUtils.swift; sourceTree = "<group>"; };
		6CE13C932C37E08F00102E46 /* RMURLParser.swift */ = {isa = PBXFileReference; lastKnownFileType = sourcecode.swift; path = RMURLParser.swift; sourceTree = "<group>"; };
		6CE13C952C37EA2600102E46 /* RMServiceProtocol.swift */ = {isa = PBXFileReference; lastKnownFileType = sourcecode.swift; path = RMServiceProtocol.swift; sourceTree = "<group>"; };
		6CE13C972C37EB3E00102E46 /* RMAPICacheManagerProtocol.swift */ = {isa = PBXFileReference; lastKnownFileType = sourcecode.swift; path = RMAPICacheManagerProtocol.swift; sourceTree = "<group>"; };
		6CE13C992C384C2000102E46 /* RMServiceError.swift */ = {isa = PBXFileReference; lastKnownFileType = sourcecode.swift; path = RMServiceError.swift; sourceTree = "<group>"; };
		6CE7EF0A2C33FA5900A8D855 /* Constants.swift */ = {isa = PBXFileReference; lastKnownFileType = sourcecode.swift; path = Constants.swift; sourceTree = "<group>"; };
/* End PBXFileReference section */

/* Begin PBXFrameworksBuildPhase section */
		6CAA56C22C0DC00A00BCEB29 /* Frameworks */ = {
			isa = PBXFrameworksBuildPhase;
			buildActionMask = 2147483647;
			files = (
			);
			runOnlyForDeploymentPostprocessing = 0;
		};
/* End PBXFrameworksBuildPhase section */

/* Begin PBXGroup section */
		6C497EEF2C17428400775F3F /* Settings */ = {
			isa = PBXGroup;
			children = (
				6C497EF02C17429100775F3F /* RMSettingsViewViewModel.swift */,
				6C497EF22C1742C800775F3F /* RMSettingsCellViewViewModel.swift */,
				6C497EF42C17435E00775F3F /* RMSettingsOption.swift */,
			);
			path = Settings;
			sourceTree = "<group>";
		};
		6C6637202C369A17007A2640 /* Protocols */ = {
			isa = PBXGroup;
			children = (
				6CE13C8C2C37C81200102E46 /* Managers */,
				6CE13C922C37DBFE00102E46 /* APIClient */,
				6C66372A2C36C60F007A2640 /* Models */,
				6C6637272C36C5E7007A2640 /* Views */,
				6C6637232C369A4D007A2640 /* ViewModels */,
			);
			path = Protocols;
			sourceTree = "<group>";
		};
		6C6637232C369A4D007A2640 /* ViewModels */ = {
			isa = PBXGroup;
			children = (
				6C6637242C369A59007A2640 /* Character */,
			);
			path = ViewModels;
			sourceTree = "<group>";
		};
		6C6637242C369A59007A2640 /* Character */ = {
			isa = PBXGroup;
			children = (
				6C66371E2C3698C6007A2640 /* RMCharacterListViewViewModelProtocol.swift */,
			);
			path = Character;
			sourceTree = "<group>";
		};
		6C6637272C36C5E7007A2640 /* Views */ = {
			isa = PBXGroup;
			children = (
				6C66372B2C36C61B007A2640 /* Character */,
			);
			path = Views;
			sourceTree = "<group>";
		};
		6C66372A2C36C60F007A2640 /* Models */ = {
			isa = PBXGroup;
			children = (
			);
			path = Models;
			sourceTree = "<group>";
		};
		6C66372B2C36C61B007A2640 /* Character */ = {
			isa = PBXGroup;
			children = (
				6C6637282C36C5F4007A2640 /* RMCharacterListViewProtocol.swift */,
			);
			path = Character;
			sourceTree = "<group>";
		};
		6C6642362C16D44400BDD264 /* EpisodeDetails */ = {
			isa = PBXGroup;
			children = (
				6C6B495D2C159C9C006FE1B2 /* RMEpisodeDetailsView.swift */,
				6C6642372C16D47D00BDD264 /* RMEpisodeInfoCollectionViewCell.swift */,
			);
			path = EpisodeDetails;
			sourceTree = "<group>";
		};
		6C6642392C16D52300BDD264 /* EpisodeDetails */ = {
			isa = PBXGroup;
			children = (
				6C6B495B2C159BCC006FE1B2 /* RMEpisodeDetailViewViewModel.swift */,
				6C66423A2C16D54900BDD264 /* RMEpisodeInfoCollectionViewCellViewModel.swift */,
			);
			path = EpisodeDetails;
			sourceTree = "<group>";
		};
		6C6B495F2C15A3BE006FE1B2 /* Episode */ = {
			isa = PBXGroup;
			children = (
				6C6B49602C15A3CE006FE1B2 /* RMEpisodeListView.swift */,
			);
			path = Episode;
			sourceTree = "<group>";
		};
		6C7809492C257B9A004BCFB1 /* Character */ = {
			isa = PBXGroup;
			children = (
				6C7F49952C1068150079CE8E /* RMCharacterListViewViewModel.swift */,
				6C7F499D2C10B9D40079CE8E /* RMCharacterCollectionViewCellViewModel.swift */,
			);
			path = Character;
			sourceTree = "<group>";
		};
		6C78094A2C257BA1004BCFB1 /* Location */ = {
			isa = PBXGroup;
			children = (
				6CA132F82C1979E90040C32F /* RMLocationViewViewModel.swift */,
				6CA132FD2C198C4F0040C32F /* RMLocationTableViewCellViewModel.swift */,
			);
			path = Location;
			sourceTree = "<group>";
		};
		6C78094B2C257BB6004BCFB1 /* Episode */ = {
			isa = PBXGroup;
			children = (
				6C6B49622C15A821006FE1B2 /* RMEpisodeListViewViewModel.swift */,
			);
			path = Episode;
			sourceTree = "<group>";
		};
		6C78094C2C257BDB004BCFB1 /* LocationDetails */ = {
			isa = PBXGroup;
			children = (
				6CA133042C19C2300040C32F /* RMLocationDetailViewViewModel.swift */,
			);
			path = LocationDetails;
			sourceTree = "<group>";
		};
		6C78094D2C257C05004BCFB1 /* Other */ = {
			isa = PBXGroup;
			children = (
				6C7A21F82C11A701001E4C81 /* RMFooterLoadingCollectionReusableView.swift */,
			);
			path = Other;
			sourceTree = "<group>";
		};
		6C7A21F12C119BB2001E4C81 /* Other */ = {
			isa = PBXGroup;
			children = (
				6C7A21F22C119C22001E4C81 /* RMCharacterDetailsViewController.swift */,
				6C99FA052C148B1B0077198F /* RMEpisodeDetailsViewController.swift */,
				6CA132FF2C19A5D10040C32F /* RMLocationDetailsViewController.swift */,
			);
			path = Other;
			sourceTree = "<group>";
		};
		6C7FA1F42C0F6E250022E66F /* DataTypes */ = {
			isa = PBXGroup;
			children = (
				6CAA56E72C0DC75B00BCEB29 /* RMCharacter.swift */,
				6CB6CB002C0F08770079ADE1 /* RMCharacterStatus.swift */,
				6CB6CB022C0F08E10079ADE1 /* RMCharacterGender.swift */,
				6CAA56E92C0DC76500BCEB29 /* RMLocation.swift */,
				6CB6CAFA2C0F06840079ADE1 /* RMOriginLocation.swift */,
				6CB6CAFC2C0F07810079ADE1 /* RMSingleLocation.swift */,
				6CAA56E52C0DC74B00BCEB29 /* RMEpisode.swift */,
			);
			path = DataTypes;
			sourceTree = "<group>";
		};
		6C7FA1F52C0F6E2F0022E66F /* APIResponseTypes */ = {
			isa = PBXGroup;
			children = (
				6C7F49932C102D640079CE8E /* RMGetAllCharactersResponse.swift */,
				6C7F498F2C102D430079CE8E /* RMGetAllLocationsResponse.swift */,
				6C7F49912C102D560079CE8E /* RMGetAllEpisodesResponse.swift */,
			);
			path = APIResponseTypes;
			sourceTree = "<group>";
		};
		6C82542D2C1AC1910017C887 /* Search */ = {
			isa = PBXGroup;
			children = (
				6C82542E2C1AC1AC0017C887 /* RMSearchView.swift */,
				6C8254322C1AC54F0017C887 /* RMNoSearchResultsView.swift */,
				6C8254372C1AC5BC0017C887 /* RMSearchInputView.swift */,
				6CAECE0A2C1D862A00D62BCA /* RMSearchResultsView.swift */,
			);
			path = Search;
			sourceTree = "<group>";
		};
		6C8254342C1AC55F0017C887 /* Search */ = {
			isa = PBXGroup;
			children = (
				6C8254302C1AC2E80017C887 /* RMSearchViewViewModel.swift */,
				6C8254352C1AC57A0017C887 /* RMNoSearchResultsViewViewModel.swift */,
				6C8254392C1AC5CF0017C887 /* RMSearchInputViewViewModel.swift */,
				6CAECE082C1D5F3600D62BCA /* RMSearchResultViewViewModel.swift */,
			);
			path = Search;
			sourceTree = "<group>";
		};
		6C82543D2C1B0E390017C887 /* Search */ = {
			isa = PBXGroup;
			children = (
				6C6B49642C15DC2C006FE1B2 /* RMSearchViewController.swift */,
				6C82543B2C1B0A0C0017C887 /* RMSearchOptionPickerViewController.swift */,
			);
			path = Search;
			sourceTree = "<group>";
		};
		6C84003B2C1840D70049EE9E /* Settings */ = {
			isa = PBXGroup;
			children = (
				6C84003C2C18410A0049EE9E /* RMSettingsView.swift */,
			);
			path = Settings;
			sourceTree = "<group>";
		};
		6C99F9F62C142DDC0077198F /* CharacterDetails */ = {
			isa = PBXGroup;
			children = (
				6C7A21F42C119CD8001E4C81 /* RMCharacterDetailsView.swift */,
				6C99F9F82C142E380077198F /* RMCharacterPhotoCollectionViewCell.swift */,
				6C99F9FA2C142E4A0077198F /* RMCharacterInfoCollectionViewCell.swift */,
				6C99F9FC2C142E630077198F /* RMCharacterEpisodeCollectionViewCell.swift */,
			);
			path = CharacterDetails;
			sourceTree = "<group>";
		};
		6C99F9F72C142DFD0077198F /* Character */ = {
			isa = PBXGroup;
			children = (
				6C7F49972C1069520079CE8E /* RMCharacterListView.swift */,
				6C7F499B2C10B7FD0079CE8E /* RMCharacterCollectionViewCell.swift */,
			);
			path = Character;
			sourceTree = "<group>";
		};
		6C99F9FE2C142E910077198F /* CharacterDetails */ = {
			isa = PBXGroup;
			children = (
				6C7A21F62C119D05001E4C81 /* RMCharacterDetailViewViewModel.swift */,
				6C99F9FF2C142EE60077198F /* RMCharacterPhotoCollectionViewCellViewModel.swift */,
				6C99FA012C142EF20077198F /* RMCharacterInfoCollectionViewCellViewModel.swift */,
				6C99FA032C142EFF0077198F /* RMCharacterEpisodeCollectionViewCellViewModel.swift */,
			);
			path = CharacterDetails;
			sourceTree = "<group>";
		};
		6C9F72CC2C3000460093DFD6 /* Other */ = {
			isa = PBXGroup;
			children = (
				6C9F72CD2C3000590093DFD6 /* RMShareItem.swift */,
			);
			path = Other;
			sourceTree = "<group>";
		};
		6CA132F52C1975630040C32F /* Location */ = {
			isa = PBXGroup;
			children = (
				6CA132F62C1975870040C32F /* RMLocationView.swift */,
				6CA132FA2C198B490040C32F /* RMLocationTableViewCell.swift */,
				6C95DE372C1EBF2C00BC0FB6 /* RMTableLoadingFooterView.swift */,
			);
			path = Location;
			sourceTree = "<group>";
		};
		6CA133012C19C0570040C32F /* LocationDetails */ = {
			isa = PBXGroup;
			children = (
				6CA133022C19C0800040C32F /* RMLocationDetailsView.swift */,
			);
			path = LocationDetails;
			sourceTree = "<group>";
		};
		6CAA56BC2C0DC00A00BCEB29 = {
			isa = PBXGroup;
			children = (
				6CAA56C72C0DC00A00BCEB29 /* RickAndMorty */,
				6CAA56C62C0DC00A00BCEB29 /* Products */,
			);
			sourceTree = "<group>";
		};
		6CAA56C62C0DC00A00BCEB29 /* Products */ = {
			isa = PBXGroup;
			children = (
				6CAA56C52C0DC00A00BCEB29 /* RickAndMorty.app */,
			);
			name = Products;
			sourceTree = "<group>";
		};
		6CAA56C72C0DC00A00BCEB29 /* RickAndMorty */ = {
			isa = PBXGroup;
			children = (
				6C6637202C369A17007A2640 /* Protocols */,
				6CAA56E12C0DC56200BCEB29 /* Managers */,
				6CAA56E02C0DC55900BCEB29 /* APIClient */,
				6CAA56DE2C0DC51800BCEB29 /* Models */,
				6CAA56DD2C0DC50E00BCEB29 /* Views */,
				6CAA56DC2C0DC50000BCEB29 /* Controllers */,
				6CAA56DF2C0DC51B00BCEB29 /* ViewModels */,
				6CAA56E22C0DC56A00BCEB29 /* Resources */,
				6CE13C8F2C37D0AD00102E46 /* Helpers */,
				6CAA56D62C0DC00B00BCEB29 /* Info.plist */,
			);
			path = RickAndMorty;
			sourceTree = "<group>";
		};
		6CAA56DC2C0DC50000BCEB29 /* Controllers */ = {
			isa = PBXGroup;
			children = (
				6C82543D2C1B0E390017C887 /* Search */,
				6CAA56EB2C0DC88200BCEB29 /* Core */,
				6C7A21F12C119BB2001E4C81 /* Other */,
			);
			path = Controllers;
			sourceTree = "<group>";
		};
		6CAA56DD2C0DC50E00BCEB29 /* Views */ = {
			isa = PBXGroup;
			children = (
				6C82542D2C1AC1910017C887 /* Search */,
				6C99F9F72C142DFD0077198F /* Character */,
				6C99F9F62C142DDC0077198F /* CharacterDetails */,
				6CA132F52C1975630040C32F /* Location */,
				6CA133012C19C0570040C32F /* LocationDetails */,
				6C6B495F2C15A3BE006FE1B2 /* Episode */,
				6C6642362C16D44400BDD264 /* EpisodeDetails */,
				6C84003B2C1840D70049EE9E /* Settings */,
				6C78094D2C257C05004BCFB1 /* Other */,
			);
			path = Views;
			sourceTree = "<group>";
		};
		6CAA56DE2C0DC51800BCEB29 /* Models */ = {
			isa = PBXGroup;
			children = (
				6C7FA1F52C0F6E2F0022E66F /* APIResponseTypes */,
				6C7FA1F42C0F6E250022E66F /* DataTypes */,
				6C9F72CC2C3000460093DFD6 /* Other */,
			);
			path = Models;
			sourceTree = "<group>";
		};
		6CAA56DF2C0DC51B00BCEB29 /* ViewModels */ = {
			isa = PBXGroup;
			children = (
				6C8254342C1AC55F0017C887 /* Search */,
				6C7809492C257B9A004BCFB1 /* Character */,
				6C99F9FE2C142E910077198F /* CharacterDetails */,
				6C78094A2C257BA1004BCFB1 /* Location */,
				6C78094C2C257BDB004BCFB1 /* LocationDetails */,
				6C78094B2C257BB6004BCFB1 /* Episode */,
				6C6642392C16D52300BDD264 /* EpisodeDetails */,
				6C497EEF2C17428400775F3F /* Settings */,
			);
			path = ViewModels;
			sourceTree = "<group>";
		};
		6CAA56E02C0DC55900BCEB29 /* APIClient */ = {
			isa = PBXGroup;
			children = (
				6CAA56F72C0DE62F00BCEB29 /* RMService.swift */,
				6CAA56F42C0DE62000BCEB29 /* RMRequest.swift */,
				6CAA56F92C0DEB5700BCEB29 /* RMEndpoint.swift */,
				6CE13C992C384C2000102E46 /* RMServiceError.swift */,
			);
			path = APIClient;
			sourceTree = "<group>";
		};
		6CAA56E12C0DC56200BCEB29 /* Managers */ = {
			isa = PBXGroup;
			children = (
				6CA524172C12D8E500B6909F /* RMImageLoader.swift */,
				6C6B49592C157776006FE1B2 /* RMAPICacheManager.swift */,
				6C595D0F2C2EB10000FD08E4 /* RMThemeManager.swift */,
			);
			path = Managers;
			sourceTree = "<group>";
		};
		6CAA56E22C0DC56A00BCEB29 /* Resources */ = {
			isa = PBXGroup;
			children = (
				6CAA56D12C0DC00B00BCEB29 /* Assets.xcassets */,
				6CAA56D32C0DC00B00BCEB29 /* LaunchScreen.storyboard */,
				6CAA56C82C0DC00A00BCEB29 /* AppDelegate.swift */,
				6CAA56CA2C0DC00A00BCEB29 /* SceneDelegate.swift */,
			);
			path = Resources;
			sourceTree = "<group>";
		};
		6CAA56EB2C0DC88200BCEB29 /* Core */ = {
			isa = PBXGroup;
			children = (
				6CE13C8B2C37C55600102E46 /* Character */,
				6CAA56CC2C0DC00A00BCEB29 /* RMTabViewController.swift */,
				6CAA56EE2C0DC8BD00BCEB29 /* RMLocationViewController.swift */,
				6CAA56F02C0DC8C700BCEB29 /* RMEpisodeViewController.swift */,
				6CAA56F22C0DC8D300BCEB29 /* RMSettingsViewController.swift */,
			);
			path = Core;
			sourceTree = "<group>";
		};
		6CE13C8B2C37C55600102E46 /* Character */ = {
			isa = PBXGroup;
			children = (
				6CAA56EC2C0DC8AD00BCEB29 /* RMCharacterViewController.swift */,
				6C6637252C369C95007A2640 /* RMCharacterListViewCollectionHandler.swift */,
			);
			path = Character;
			sourceTree = "<group>";
		};
		6CE13C8C2C37C81200102E46 /* Managers */ = {
			isa = PBXGroup;
			children = (
				6CE13C8D2C37C83A00102E46 /* RMImageLoaderProtocol.swift */,
				6CE13C972C37EB3E00102E46 /* RMAPICacheManagerProtocol.swift */,
			);
			path = Managers;
			sourceTree = "<group>";
		};
		6CE13C8F2C37D0AD00102E46 /* Helpers */ = {
			isa = PBXGroup;
			children = (
				6C7F49992C1078E90079CE8E /* Extensions.swift */,
				6CE7EF0A2C33FA5900A8D855 /* Constants.swift */,
				6CE13C902C37D80300102E46 /* RMDateFormatterUtils.swift */,
				6CE13C932C37E08F00102E46 /* RMURLParser.swift */,
			);
			path = Helpers;
			sourceTree = "<group>";
		};
		6CE13C922C37DBFE00102E46 /* APIClient */ = {
			isa = PBXGroup;
			children = (
				6CE13C952C37EA2600102E46 /* RMServiceProtocol.swift */,
			);
			path = APIClient;
			sourceTree = "<group>";
		};
/* End PBXGroup section */

/* Begin PBXNativeTarget section */
		6CAA56C42C0DC00A00BCEB29 /* RickAndMorty */ = {
			isa = PBXNativeTarget;
			buildConfigurationList = 6CAA56D92C0DC00B00BCEB29 /* Build configuration list for PBXNativeTarget "RickAndMorty" */;
			buildPhases = (
				6CE7EF082C33E51B00A8D855 /* Swiftlint */,
				6CAA56C12C0DC00A00BCEB29 /* Sources */,
				6CAA56C22C0DC00A00BCEB29 /* Frameworks */,
				6CAA56C32C0DC00A00BCEB29 /* Resources */,
			);
			buildRules = (
			);
			dependencies = (
			);
			name = RickAndMorty;
			productName = RickAndMorty;
			productReference = 6CAA56C52C0DC00A00BCEB29 /* RickAndMorty.app */;
			productType = "com.apple.product-type.application";
		};
/* End PBXNativeTarget section */

/* Begin PBXProject section */
		6CAA56BD2C0DC00A00BCEB29 /* Project object */ = {
			isa = PBXProject;
			attributes = {
				BuildIndependentTargetsInParallel = 1;
				LastSwiftUpdateCheck = 1500;
				LastUpgradeCheck = 1500;
				TargetAttributes = {
					6CAA56C42C0DC00A00BCEB29 = {
						CreatedOnToolsVersion = 15.0.1;
					};
				};
			};
			buildConfigurationList = 6CAA56C02C0DC00A00BCEB29 /* Build configuration list for PBXProject "RickAndMorty" */;
			compatibilityVersion = "Xcode 14.0";
			developmentRegion = en;
			hasScannedForEncodings = 0;
			knownRegions = (
				en,
				Base,
			);
			mainGroup = 6CAA56BC2C0DC00A00BCEB29;
			productRefGroup = 6CAA56C62C0DC00A00BCEB29 /* Products */;
			projectDirPath = "";
			projectRoot = "";
			targets = (
				6CAA56C42C0DC00A00BCEB29 /* RickAndMorty */,
			);
		};
/* End PBXProject section */

/* Begin PBXResourcesBuildPhase section */
		6CAA56C32C0DC00A00BCEB29 /* Resources */ = {
			isa = PBXResourcesBuildPhase;
			buildActionMask = 2147483647;
			files = (
				6CAA56D52C0DC00B00BCEB29 /* LaunchScreen.storyboard in Resources */,
				6CAA56D22C0DC00B00BCEB29 /* Assets.xcassets in Resources */,
			);
			runOnlyForDeploymentPostprocessing = 0;
		};
/* End PBXResourcesBuildPhase section */

/* Begin PBXShellScriptBuildPhase section */
		6CE7EF082C33E51B00A8D855 /* Swiftlint */ = {
			isa = PBXShellScriptBuildPhase;
			alwaysOutOfDate = 1;
			buildActionMask = 2147483647;
			files = (
			);
			inputFileListPaths = (
			);
			inputPaths = (
			);
			name = Swiftlint;
			outputFileListPaths = (
			);
			outputPaths = (
			);
			runOnlyForDeploymentPostprocessing = 0;
			shellPath = /bin/sh;
			shellScript = "# Type a script or drag a script file from your workspace to insert its path.\nif which swiftlint >/dev/null; then\n  swiftlint\nelse\n  echo \"error: SwiftLint does not exist, download it from https://github.com/realm/SwiftLint\"\n  exit 1\nfi\n";
		};
/* End PBXShellScriptBuildPhase section */

/* Begin PBXSourcesBuildPhase section */
		6CAA56C12C0DC00A00BCEB29 /* Sources */ = {
			isa = PBXSourcesBuildPhase;
			buildActionMask = 2147483647;
			files = (
				6CE13C962C37EA2600102E46 /* RMServiceProtocol.swift in Sources */,
				6C7F499A2C1078E90079CE8E /* Extensions.swift in Sources */,
				6C99F9FB2C142E4A0077198F /* RMCharacterInfoCollectionViewCell.swift in Sources */,
				6C66371F2C3698C6007A2640 /* RMCharacterListViewViewModelProtocol.swift in Sources */,
				6CB6CAFB2C0F06840079ADE1 /* RMOriginLocation.swift in Sources */,
				6C497EF12C17429100775F3F /* RMSettingsViewViewModel.swift in Sources */,
				6C8254312C1AC2E80017C887 /* RMSearchViewViewModel.swift in Sources */,
				6C99FA002C142EE60077198F /* RMCharacterPhotoCollectionViewCellViewModel.swift in Sources */,
				6C8254362C1AC57A0017C887 /* RMNoSearchResultsViewViewModel.swift in Sources */,
				6C6B495A2C157776006FE1B2 /* RMAPICacheManager.swift in Sources */,
				6CA524182C12D8E500B6909F /* RMImageLoader.swift in Sources */,
				6CAECE0B2C1D862A00D62BCA /* RMSearchResultsView.swift in Sources */,
				6CB6CAFD2C0F07810079ADE1 /* RMSingleLocation.swift in Sources */,
				6CA133052C19C2300040C32F /* RMLocationDetailViewViewModel.swift in Sources */,
				6CB6CB012C0F08770079ADE1 /* RMCharacterStatus.swift in Sources */,
				6C8254332C1AC54F0017C887 /* RMNoSearchResultsView.swift in Sources */,
				6CB6CB032C0F08E10079ADE1 /* RMCharacterGender.swift in Sources */,
				6C497EF52C17435E00775F3F /* RMSettingsOption.swift in Sources */,
				6C95DE382C1EBF2C00BC0FB6 /* RMTableLoadingFooterView.swift in Sources */,
				6CAA56EF2C0DC8BD00BCEB29 /* RMLocationViewController.swift in Sources */,
				6C7F49962C1068150079CE8E /* RMCharacterListViewViewModel.swift in Sources */,
				6CAA56CD2C0DC00A00BCEB29 /* RMTabViewController.swift in Sources */,
				6C9F72CE2C3000590093DFD6 /* RMShareItem.swift in Sources */,
				6CAA56F82C0DE62F00BCEB29 /* RMService.swift in Sources */,
				6CA132FB2C198B490040C32F /* RMLocationTableViewCell.swift in Sources */,
				6CAA56EA2C0DC76500BCEB29 /* RMLocation.swift in Sources */,
				6C7F49942C102D640079CE8E /* RMGetAllCharactersResponse.swift in Sources */,
				6C6642382C16D47D00BDD264 /* RMEpisodeInfoCollectionViewCell.swift in Sources */,
				6CAA56F12C0DC8C700BCEB29 /* RMEpisodeViewController.swift in Sources */,
				6C82543A2C1AC5CF0017C887 /* RMSearchInputViewViewModel.swift in Sources */,
				6CAA56C92C0DC00A00BCEB29 /* AppDelegate.swift in Sources */,
				6CE7EF0B2C33FA5900A8D855 /* Constants.swift in Sources */,
				6CE13C912C37D80300102E46 /* RMDateFormatterUtils.swift in Sources */,
				6C6B495C2C159BCC006FE1B2 /* RMEpisodeDetailViewViewModel.swift in Sources */,
				6C99F9FD2C142E630077198F /* RMCharacterEpisodeCollectionViewCell.swift in Sources */,
				6CA133002C19A5D10040C32F /* RMLocationDetailsViewController.swift in Sources */,
				6C6B495E2C159C9C006FE1B2 /* RMEpisodeDetailsView.swift in Sources */,
				6C7A21F72C119D05001E4C81 /* RMCharacterDetailViewViewModel.swift in Sources */,
				6C7F499E2C10B9D40079CE8E /* RMCharacterCollectionViewCellViewModel.swift in Sources */,
				6CAA56E62C0DC74B00BCEB29 /* RMEpisode.swift in Sources */,
				6C99F9F92C142E380077198F /* RMCharacterPhotoCollectionViewCell.swift in Sources */,
				6C7F49982C1069520079CE8E /* RMCharacterListView.swift in Sources */,
				6C595D102C2EB10000FD08E4 /* RMThemeManager.swift in Sources */,
				6C6637262C369C95007A2640 /* RMCharacterListViewCollectionHandler.swift in Sources */,
				6C82542F2C1AC1AC0017C887 /* RMSearchView.swift in Sources */,
				6CA132F92C1979E90040C32F /* RMLocationViewViewModel.swift in Sources */,
				6CAA56F32C0DC8D300BCEB29 /* RMSettingsViewController.swift in Sources */,
				6CE13C9A2C384C2000102E46 /* RMServiceError.swift in Sources */,
				6C8254382C1AC5BC0017C887 /* RMSearchInputView.swift in Sources */,
				6CAA56CB2C0DC00A00BCEB29 /* SceneDelegate.swift in Sources */,
				6C6B49612C15A3CE006FE1B2 /* RMEpisodeListView.swift in Sources */,
				6C7F499C2C10B7FD0079CE8E /* RMCharacterCollectionViewCell.swift in Sources */,
				6C99FA022C142EF20077198F /* RMCharacterInfoCollectionViewCellViewModel.swift in Sources */,
				6CE13C942C37E08F00102E46 /* RMURLParser.swift in Sources */,
				6C6B49652C15DC2C006FE1B2 /* RMSearchViewController.swift in Sources */,
				6C6637292C36C5F4007A2640 /* RMCharacterListViewProtocol.swift in Sources */,
				6C84003D2C18410A0049EE9E /* RMSettingsView.swift in Sources */,
				6CA133032C19C0800040C32F /* RMLocationDetailsView.swift in Sources */,
				6C82543C2C1B0A0C0017C887 /* RMSearchOptionPickerViewController.swift in Sources */,
				6C7F49902C102D430079CE8E /* RMGetAllLocationsResponse.swift in Sources */,
				6C7A21F52C119CD8001E4C81 /* RMCharacterDetailsView.swift in Sources */,
				6C7A21F32C119C22001E4C81 /* RMCharacterDetailsViewController.swift in Sources */,
				6CA132F72C1975870040C32F /* RMLocationView.swift in Sources */,
				6CE13C982C37EB3E00102E46 /* RMAPICacheManagerProtocol.swift in Sources */,
				6CAA56FA2C0DEB5700BCEB29 /* RMEndpoint.swift in Sources */,
				6C497EF32C1742C800775F3F /* RMSettingsCellViewViewModel.swift in Sources */,
				6C7A21F92C11A701001E4C81 /* RMFooterLoadingCollectionReusableView.swift in Sources */,
				6C7F49922C102D560079CE8E /* RMGetAllEpisodesResponse.swift in Sources */,
				6CA132FE2C198C4F0040C32F /* RMLocationTableViewCellViewModel.swift in Sources */,
				6CE13C8E2C37C83A00102E46 /* RMImageLoaderProtocol.swift in Sources */,
				6CAECE092C1D5F3600D62BCA /* RMSearchResultViewViewModel.swift in Sources */,
				6C6B49632C15A821006FE1B2 /* RMEpisodeListViewViewModel.swift in Sources */,
				6C66423B2C16D54900BDD264 /* RMEpisodeInfoCollectionViewCellViewModel.swift in Sources */,
				6C99FA062C148B1B0077198F /* RMEpisodeDetailsViewController.swift in Sources */,
				6CAA56E82C0DC75B00BCEB29 /* RMCharacter.swift in Sources */,
				6CAA56F52C0DE62000BCEB29 /* RMRequest.swift in Sources */,
				6C99FA042C142EFF0077198F /* RMCharacterEpisodeCollectionViewCellViewModel.swift in Sources */,
				6CAA56ED2C0DC8AD00BCEB29 /* RMCharacterViewController.swift in Sources */,
			);
			runOnlyForDeploymentPostprocessing = 0;
		};
/* End PBXSourcesBuildPhase section */

/* Begin PBXVariantGroup section */
		6CAA56D32C0DC00B00BCEB29 /* LaunchScreen.storyboard */ = {
			isa = PBXVariantGroup;
			children = (
				6CAA56D42C0DC00B00BCEB29 /* Base */,
			);
			name = LaunchScreen.storyboard;
			sourceTree = "<group>";
		};
/* End PBXVariantGroup section */

/* Begin XCBuildConfiguration section */
		6CAA56D72C0DC00B00BCEB29 /* Debug */ = {
			isa = XCBuildConfiguration;
			buildSettings = {
				ALWAYS_SEARCH_USER_PATHS = NO;
				ASSETCATALOG_COMPILER_GENERATE_SWIFT_ASSET_SYMBOL_EXTENSIONS = YES;
				CLANG_ANALYZER_NONNULL = YES;
				CLANG_ANALYZER_NUMBER_OBJECT_CONVERSION = YES_AGGRESSIVE;
				CLANG_CXX_LANGUAGE_STANDARD = "gnu++20";
				CLANG_ENABLE_MODULES = YES;
				CLANG_ENABLE_OBJC_ARC = YES;
				CLANG_ENABLE_OBJC_WEAK = YES;
				CLANG_WARN_BLOCK_CAPTURE_AUTORELEASING = YES;
				CLANG_WARN_BOOL_CONVERSION = YES;
				CLANG_WARN_COMMA = YES;
				CLANG_WARN_CONSTANT_CONVERSION = YES;
				CLANG_WARN_DEPRECATED_OBJC_IMPLEMENTATIONS = YES;
				CLANG_WARN_DIRECT_OBJC_ISA_USAGE = YES_ERROR;
				CLANG_WARN_DOCUMENTATION_COMMENTS = YES;
				CLANG_WARN_EMPTY_BODY = YES;
				CLANG_WARN_ENUM_CONVERSION = YES;
				CLANG_WARN_INFINITE_RECURSION = YES;
				CLANG_WARN_INT_CONVERSION = YES;
				CLANG_WARN_NON_LITERAL_NULL_CONVERSION = YES;
				CLANG_WARN_OBJC_IMPLICIT_RETAIN_SELF = YES;
				CLANG_WARN_OBJC_LITERAL_CONVERSION = YES;
				CLANG_WARN_OBJC_ROOT_CLASS = YES_ERROR;
				CLANG_WARN_QUOTED_INCLUDE_IN_FRAMEWORK_HEADER = YES;
				CLANG_WARN_RANGE_LOOP_ANALYSIS = YES;
				CLANG_WARN_STRICT_PROTOTYPES = YES;
				CLANG_WARN_SUSPICIOUS_MOVE = YES;
				CLANG_WARN_UNGUARDED_AVAILABILITY = YES_AGGRESSIVE;
				CLANG_WARN_UNREACHABLE_CODE = YES;
				CLANG_WARN__DUPLICATE_METHOD_MATCH = YES;
				COPY_PHASE_STRIP = NO;
				DEBUG_INFORMATION_FORMAT = dwarf;
				ENABLE_STRICT_OBJC_MSGSEND = YES;
				ENABLE_TESTABILITY = YES;
				ENABLE_USER_SCRIPT_SANDBOXING = NO;
				GCC_C_LANGUAGE_STANDARD = gnu17;
				GCC_DYNAMIC_NO_PIC = NO;
				GCC_NO_COMMON_BLOCKS = YES;
				GCC_OPTIMIZATION_LEVEL = 0;
				GCC_PREPROCESSOR_DEFINITIONS = (
					"DEBUG=1",
					"$(inherited)",
				);
				GCC_WARN_64_TO_32_BIT_CONVERSION = YES;
				GCC_WARN_ABOUT_RETURN_TYPE = YES_ERROR;
				GCC_WARN_UNDECLARED_SELECTOR = YES;
				GCC_WARN_UNINITIALIZED_AUTOS = YES_AGGRESSIVE;
				GCC_WARN_UNUSED_FUNCTION = YES;
				GCC_WARN_UNUSED_VARIABLE = YES;
				IPHONEOS_DEPLOYMENT_TARGET = 15.0;
				LOCALIZATION_PREFERS_STRING_CATALOGS = YES;
				MTL_ENABLE_DEBUG_INFO = INCLUDE_SOURCE;
				MTL_FAST_MATH = YES;
				ONLY_ACTIVE_ARCH = YES;
				SDKROOT = iphoneos;
				SWIFT_ACTIVE_COMPILATION_CONDITIONS = "DEBUG $(inherited)";
				SWIFT_OPTIMIZATION_LEVEL = "-Onone";
			};
			name = Debug;
		};
		6CAA56D82C0DC00B00BCEB29 /* Release */ = {
			isa = XCBuildConfiguration;
			buildSettings = {
				ALWAYS_SEARCH_USER_PATHS = NO;
				ASSETCATALOG_COMPILER_GENERATE_SWIFT_ASSET_SYMBOL_EXTENSIONS = YES;
				CLANG_ANALYZER_NONNULL = YES;
				CLANG_ANALYZER_NUMBER_OBJECT_CONVERSION = YES_AGGRESSIVE;
				CLANG_CXX_LANGUAGE_STANDARD = "gnu++20";
				CLANG_ENABLE_MODULES = YES;
				CLANG_ENABLE_OBJC_ARC = YES;
				CLANG_ENABLE_OBJC_WEAK = YES;
				CLANG_WARN_BLOCK_CAPTURE_AUTORELEASING = YES;
				CLANG_WARN_BOOL_CONVERSION = YES;
				CLANG_WARN_COMMA = YES;
				CLANG_WARN_CONSTANT_CONVERSION = YES;
				CLANG_WARN_DEPRECATED_OBJC_IMPLEMENTATIONS = YES;
				CLANG_WARN_DIRECT_OBJC_ISA_USAGE = YES_ERROR;
				CLANG_WARN_DOCUMENTATION_COMMENTS = YES;
				CLANG_WARN_EMPTY_BODY = YES;
				CLANG_WARN_ENUM_CONVERSION = YES;
				CLANG_WARN_INFINITE_RECURSION = YES;
				CLANG_WARN_INT_CONVERSION = YES;
				CLANG_WARN_NON_LITERAL_NULL_CONVERSION = YES;
				CLANG_WARN_OBJC_IMPLICIT_RETAIN_SELF = YES;
				CLANG_WARN_OBJC_LITERAL_CONVERSION = YES;
				CLANG_WARN_OBJC_ROOT_CLASS = YES_ERROR;
				CLANG_WARN_QUOTED_INCLUDE_IN_FRAMEWORK_HEADER = YES;
				CLANG_WARN_RANGE_LOOP_ANALYSIS = YES;
				CLANG_WARN_STRICT_PROTOTYPES = YES;
				CLANG_WARN_SUSPICIOUS_MOVE = YES;
				CLANG_WARN_UNGUARDED_AVAILABILITY = YES_AGGRESSIVE;
				CLANG_WARN_UNREACHABLE_CODE = YES;
				CLANG_WARN__DUPLICATE_METHOD_MATCH = YES;
				COPY_PHASE_STRIP = NO;
				DEBUG_INFORMATION_FORMAT = "dwarf-with-dsym";
				ENABLE_NS_ASSERTIONS = NO;
				ENABLE_STRICT_OBJC_MSGSEND = YES;
				ENABLE_USER_SCRIPT_SANDBOXING = NO;
				GCC_C_LANGUAGE_STANDARD = gnu17;
				GCC_NO_COMMON_BLOCKS = YES;
				GCC_WARN_64_TO_32_BIT_CONVERSION = YES;
				GCC_WARN_ABOUT_RETURN_TYPE = YES_ERROR;
				GCC_WARN_UNDECLARED_SELECTOR = YES;
				GCC_WARN_UNINITIALIZED_AUTOS = YES_AGGRESSIVE;
				GCC_WARN_UNUSED_FUNCTION = YES;
				GCC_WARN_UNUSED_VARIABLE = YES;
				IPHONEOS_DEPLOYMENT_TARGET = 15.0;
				LOCALIZATION_PREFERS_STRING_CATALOGS = YES;
				MTL_ENABLE_DEBUG_INFO = NO;
				MTL_FAST_MATH = YES;
				SDKROOT = iphoneos;
				SWIFT_COMPILATION_MODE = wholemodule;
				VALIDATE_PRODUCT = YES;
			};
			name = Release;
		};
		6CAA56DA2C0DC00B00BCEB29 /* Debug */ = {
			isa = XCBuildConfiguration;
			buildSettings = {
				ASSETCATALOG_COMPILER_APPICON_NAME = AppIcon;
				ASSETCATALOG_COMPILER_GLOBAL_ACCENT_COLOR_NAME = AccentColor;
				CODE_SIGN_STYLE = Automatic;
				CURRENT_PROJECT_VERSION = 1;
				DEVELOPMENT_TEAM = HJL63YJZJ7;
				GENERATE_INFOPLIST_FILE = YES;
				INFOPLIST_FILE = RickAndMorty/Info.plist;
				INFOPLIST_KEY_CFBundleDisplayName = "Rick & Morty";
				INFOPLIST_KEY_LSApplicationCategoryType = "public.app-category.education";
				INFOPLIST_KEY_UIApplicationSupportsIndirectInputEvents = YES;
				INFOPLIST_KEY_UILaunchStoryboardName = LaunchScreen;
				INFOPLIST_KEY_UISupportedInterfaceOrientations_iPad = "UIInterfaceOrientationPortrait UIInterfaceOrientationPortraitUpsideDown UIInterfaceOrientationLandscapeLeft UIInterfaceOrientationLandscapeRight";
				INFOPLIST_KEY_UISupportedInterfaceOrientations_iPhone = "UIInterfaceOrientationPortrait UIInterfaceOrientationLandscapeLeft UIInterfaceOrientationLandscapeRight";
				IPHONEOS_DEPLOYMENT_TARGET = 15.0;
				LD_RUNPATH_SEARCH_PATHS = (
					"$(inherited)",
					"@executable_path/Frameworks",
				);
				MARKETING_VERSION = 1.0;
				PRODUCT_BUNDLE_IDENTIFIER = com.AndreiShpartou.RickAndMorty;
				PRODUCT_NAME = "$(TARGET_NAME)";
				SWIFT_EMIT_LOC_STRINGS = YES;
				SWIFT_VERSION = 5.0;
				TARGETED_DEVICE_FAMILY = "1,2";
			};
			name = Debug;
		};
		6CAA56DB2C0DC00B00BCEB29 /* Release */ = {
			isa = XCBuildConfiguration;
			buildSettings = {
				ASSETCATALOG_COMPILER_APPICON_NAME = AppIcon;
				ASSETCATALOG_COMPILER_GLOBAL_ACCENT_COLOR_NAME = AccentColor;
				CODE_SIGN_STYLE = Automatic;
				CURRENT_PROJECT_VERSION = 1;
				DEVELOPMENT_TEAM = HJL63YJZJ7;
				GENERATE_INFOPLIST_FILE = YES;
				INFOPLIST_FILE = RickAndMorty/Info.plist;
				INFOPLIST_KEY_CFBundleDisplayName = "Rick & Morty";
				INFOPLIST_KEY_LSApplicationCategoryType = "public.app-category.education";
				INFOPLIST_KEY_UIApplicationSupportsIndirectInputEvents = YES;
				INFOPLIST_KEY_UILaunchStoryboardName = LaunchScreen;
				INFOPLIST_KEY_UISupportedInterfaceOrientations_iPad = "UIInterfaceOrientationPortrait UIInterfaceOrientationPortraitUpsideDown UIInterfaceOrientationLandscapeLeft UIInterfaceOrientationLandscapeRight";
				INFOPLIST_KEY_UISupportedInterfaceOrientations_iPhone = "UIInterfaceOrientationPortrait UIInterfaceOrientationLandscapeLeft UIInterfaceOrientationLandscapeRight";
				IPHONEOS_DEPLOYMENT_TARGET = 15.0;
				LD_RUNPATH_SEARCH_PATHS = (
					"$(inherited)",
					"@executable_path/Frameworks",
				);
				MARKETING_VERSION = 1.0;
				PRODUCT_BUNDLE_IDENTIFIER = com.AndreiShpartou.RickAndMorty;
				PRODUCT_NAME = "$(TARGET_NAME)";
				SWIFT_EMIT_LOC_STRINGS = YES;
				SWIFT_VERSION = 5.0;
				TARGETED_DEVICE_FAMILY = "1,2";
			};
			name = Release;
		};
/* End XCBuildConfiguration section */

/* Begin XCConfigurationList section */
		6CAA56C02C0DC00A00BCEB29 /* Build configuration list for PBXProject "RickAndMorty" */ = {
			isa = XCConfigurationList;
			buildConfigurations = (
				6CAA56D72C0DC00B00BCEB29 /* Debug */,
				6CAA56D82C0DC00B00BCEB29 /* Release */,
			);
			defaultConfigurationIsVisible = 0;
			defaultConfigurationName = Release;
		};
		6CAA56D92C0DC00B00BCEB29 /* Build configuration list for PBXNativeTarget "RickAndMorty" */ = {
			isa = XCConfigurationList;
			buildConfigurations = (
				6CAA56DA2C0DC00B00BCEB29 /* Debug */,
				6CAA56DB2C0DC00B00BCEB29 /* Release */,
			);
			defaultConfigurationIsVisible = 0;
			defaultConfigurationName = Release;
		};
/* End XCConfigurationList section */
	};
	rootObject = 6CAA56BD2C0DC00A00BCEB29 /* Project object */;
}
